
Microsoft Visual Studio Solution File, Format Version 12.00
# Visual Studio Version 16
VisualStudioVersion = 16.0.30204.135
MinimumVisualStudioVersion = 10.0.40219.1
Project("{FAE04EC0-301F-11D3-BF4B-00C04F79EFBC}") = "WpfApp1", "WpfApp1\WpfApp1.csproj", "{131E1B94-6946-42DB-9F4D-E1E6A4F35098}"
EndProject
Global
	GlobalSection(SolutionConfigurationPlatforms) = preSolution
		Debug|Any CPU = Debug|Any CPU
		Release|Any CPU = Release|Any CPU
	EndGlobalSection
	GlobalSection(ProjectConfigurationPlatforms) = postSolution
		{131E1B94-6946-42DB-9F4D-E1E6A4F35098}.Debug|Any CPU.ActiveCfg = Debug|Any CPU
		{131E1B94-6946-42DB-9F4D-E1E6A4F35098}.Debug|Any CPU.Build.0 = Debug|Any CPU
		{131E1B94-6946-42DB-9F4D-E1E6A4F35098}.Release|Any CPU.ActiveCfg = Release|Any CPU
		{131E1B94-6946-42DB-9F4D-E1E6A4F35098}.Release|Any CPU.Build.0 = Release|Any CPU
	EndGlobalSection
	GlobalSection(SolutionProperties) = preSolution
		HideSolutionNode = FALSE
	EndGlobalSection
	GlobalSection(ExtensibilityGlobals) = postSolution
		SolutionGuid = {4F73DA40-1966-476E-99D1-35F5D764E813}
	EndGlobalSection
EndGlobal
